// !$*UTF8*$!
{
	archiveVersion = 1;
	classes = {
	};
	objectVersion = 46;
	objects = {

/* Begin PBXBuildFile section */
		3EDA6A521A0B98A8007B17AF /* LayoutView.swift in Sources */ = {isa = PBXBuildFile; fileRef = 3EDA6A501A0B98A8007B17AF /* LayoutView.swift */; };
		3EDA6A531A0B98A8007B17AF /* LayoutView.xib in Resources */ = {isa = PBXBuildFile; fileRef = 3EDA6A511A0B98A8007B17AF /* LayoutView.xib */; };
		E2F3972E1A0B96B100B342D8 /* Images.xcassets in Resources */ = {isa = PBXBuildFile; fileRef = E2F3972D1A0B96B100B342D8 /* Images.xcassets */; };
		E2F397311A0B96B100B342D8 /* LaunchScreen.xib in Resources */ = {isa = PBXBuildFile; fileRef = E2F3972F1A0B96B100B342D8 /* LaunchScreen.xib */; };
		E2F3973D1A0B96B100B342D8 /* AdaptiveLayoutTests.swift in Sources */ = {isa = PBXBuildFile; fileRef = E2F3973C1A0B96B100B342D8 /* AdaptiveLayoutTests.swift */; };
		E2F3974C1A0B96EE00B342D8 /* AppDelegate.swift in Sources */ = {isa = PBXBuildFile; fileRef = E2F397481A0B96EE00B342D8 /* AppDelegate.swift */; };
		E2F3974D1A0B96EE00B342D8 /* BootLogic.swift in Sources */ = {isa = PBXBuildFile; fileRef = E2F397491A0B96EE00B342D8 /* BootLogic.swift */; };
		E2F3974E1A0B96EE00B342D8 /* ConsoleScreen.swift in Sources */ = {isa = PBXBuildFile; fileRef = E2F3974A1A0B96EE00B342D8 /* ConsoleScreen.swift */; };
		E2F3974F1A0B96EE00B342D8 /* MainScreen.swift in Sources */ = {isa = PBXBuildFile; fileRef = E2F3974B1A0B96EE00B342D8 /* MainScreen.swift */; };
		E2F397531A0B975500B342D8 /* CenterAView.swift in Sources */ = {isa = PBXBuildFile; fileRef = E2F397511A0B975500B342D8 /* CenterAView.swift */; };
		E2F397541A0B975500B342D8 /* CenterAView.xib in Resources */ = {isa = PBXBuildFile; fileRef = E2F397521A0B975500B342D8 /* CenterAView.xib */; };
/* End PBXBuildFile section */

/* Begin PBXContainerItemProxy section */
		E2F397371A0B96B100B342D8 /* PBXContainerItemProxy */ = {
			isa = PBXContainerItemProxy;
			containerPortal = E2F397191A0B96B100B342D8 /* Project object */;
			proxyType = 1;
			remoteGlobalIDString = E2F397201A0B96B100B342D8;
			remoteInfo = AdaptiveLayout;
		};
/* End PBXContainerItemProxy section */

/* Begin PBXFileReference section */
		3EDA6A501A0B98A8007B17AF /* LayoutView.swift */ = {isa = PBXFileReference; fileEncoding = 4; lastKnownFileType = sourcecode.swift; path = LayoutView.swift; sourceTree = "<group>"; };
		3EDA6A511A0B98A8007B17AF /* LayoutView.xib */ = {isa = PBXFileReference; fileEncoding = 4; lastKnownFileType = file.xib; path = LayoutView.xib; sourceTree = "<group>"; };
		E2F397211A0B96B100B342D8 /* AdaptiveLayout.app */ = {isa = PBXFileReference; explicitFileType = wrapper.application; includeInIndex = 0; path = AdaptiveLayout.app; sourceTree = BUILT_PRODUCTS_DIR; };
		E2F397251A0B96B100B342D8 /* Info.plist */ = {isa = PBXFileReference; lastKnownFileType = text.plist.xml; path = Info.plist; sourceTree = "<group>"; };
		E2F3972D1A0B96B100B342D8 /* Images.xcassets */ = {isa = PBXFileReference; lastKnownFileType = folder.assetcatalog; path = Images.xcassets; sourceTree = "<group>"; };
		E2F397301A0B96B100B342D8 /* Base */ = {isa = PBXFileReference; lastKnownFileType = file.xib; name = Base; path = Base.lproj/LaunchScreen.xib; sourceTree = "<group>"; };
		E2F397361A0B96B100B342D8 /* AdaptiveLayoutTests.xctest */ = {isa = PBXFileReference; explicitFileType = wrapper.cfbundle; includeInIndex = 0; path = AdaptiveLayoutTests.xctest; sourceTree = BUILT_PRODUCTS_DIR; };
		E2F3973B1A0B96B100B342D8 /* Info.plist */ = {isa = PBXFileReference; lastKnownFileType = text.plist.xml; path = Info.plist; sourceTree = "<group>"; };
		E2F3973C1A0B96B100B342D8 /* AdaptiveLayoutTests.swift */ = {isa = PBXFileReference; lastKnownFileType = sourcecode.swift; path = AdaptiveLayoutTests.swift; sourceTree = "<group>"; };
		E2F397471A0B96ED00B342D8 /* AdaptiveLayout-Bridging-Header.h */ = {isa = PBXFileReference; lastKnownFileType = sourcecode.c.h; path = "AdaptiveLayout-Bridging-Header.h"; sourceTree = "<group>"; };
		E2F397481A0B96EE00B342D8 /* AppDelegate.swift */ = {isa = PBXFileReference; fileEncoding = 4; lastKnownFileType = sourcecode.swift; path = AppDelegate.swift; sourceTree = "<group>"; };
		E2F397491A0B96EE00B342D8 /* BootLogic.swift */ = {isa = PBXFileReference; fileEncoding = 4; lastKnownFileType = sourcecode.swift; path = BootLogic.swift; sourceTree = "<group>"; };
		E2F3974A1A0B96EE00B342D8 /* ConsoleScreen.swift */ = {isa = PBXFileReference; fileEncoding = 4; lastKnownFileType = sourcecode.swift; path = ConsoleScreen.swift; sourceTree = "<group>"; };
		E2F3974B1A0B96EE00B342D8 /* MainScreen.swift */ = {isa = PBXFileReference; fileEncoding = 4; lastKnownFileType = sourcecode.swift; path = MainScreen.swift; sourceTree = "<group>"; };
		E2F397511A0B975500B342D8 /* CenterAView.swift */ = {isa = PBXFileReference; fileEncoding = 4; lastKnownFileType = sourcecode.swift; path = CenterAView.swift; sourceTree = "<group>"; };
		E2F397521A0B975500B342D8 /* CenterAView.xib */ = {isa = PBXFileReference; fileEncoding = 4; lastKnownFileType = file.xib; path = CenterAView.xib; sourceTree = "<group>"; };
/* End PBXFileReference section */

/* Begin PBXFrameworksBuildPhase section */
		E2F3971E1A0B96B100B342D8 /* Frameworks */ = {
			isa = PBXFrameworksBuildPhase;
			buildActionMask = 2147483647;
			files = (
			);
			runOnlyForDeploymentPostprocessing = 0;
		};
		E2F397331A0B96B100B342D8 /* Frameworks */ = {
			isa = PBXFrameworksBuildPhase;
			buildActionMask = 2147483647;
			files = (
			);
			runOnlyForDeploymentPostprocessing = 0;
		};
/* End PBXFrameworksBuildPhase section */

/* Begin PBXGroup section */
		E2F397181A0B96B100B342D8 = {
			isa = PBXGroup;
			children = (
				E2F397231A0B96B100B342D8 /* AdaptiveLayout */,
				E2F397391A0B96B100B342D8 /* AdaptiveLayoutTests */,
				E2F397221A0B96B100B342D8 /* Products */,
			);
			sourceTree = "<group>";
		};
		E2F397221A0B96B100B342D8 /* Products */ = {
			isa = PBXGroup;
			children = (
				E2F397211A0B96B100B342D8 /* AdaptiveLayout.app */,
				E2F397361A0B96B100B342D8 /* AdaptiveLayoutTests.xctest */,
			);
			name = Products;
			sourceTree = "<group>";
		};
		E2F397231A0B96B100B342D8 /* AdaptiveLayout */ = {
			isa = PBXGroup;
			children = (
				E2F397461A0B96C700B342D8 /* Core */,
				E2F397501A0B96FA00B342D8 /* WYSIWYG */,
				E2F3972D1A0B96B100B342D8 /* Images.xcassets */,
				E2F3972F1A0B96B100B342D8 /* LaunchScreen.xib */,
				E2F397241A0B96B100B342D8 /* Supporting Files */,
			);
			path = AdaptiveLayout;
			sourceTree = "<group>";
		};
		E2F397241A0B96B100B342D8 /* Supporting Files */ = {
			isa = PBXGroup;
			children = (
				E2F397251A0B96B100B342D8 /* Info.plist */,
			);
			name = "Supporting Files";
			sourceTree = "<group>";
		};
		E2F397391A0B96B100B342D8 /* AdaptiveLayoutTests */ = {
			isa = PBXGroup;
			children = (
				E2F3973C1A0B96B100B342D8 /* AdaptiveLayoutTests.swift */,
				E2F3973A1A0B96B100B342D8 /* Supporting Files */,
			);
			path = AdaptiveLayoutTests;
			sourceTree = "<group>";
		};
		E2F3973A1A0B96B100B342D8 /* Supporting Files */ = {
			isa = PBXGroup;
			children = (
				E2F3973B1A0B96B100B342D8 /* Info.plist */,
			);
			name = "Supporting Files";
			sourceTree = "<group>";
		};
		E2F397461A0B96C700B342D8 /* Core */ = {
			isa = PBXGroup;
			children = (
				E2F397481A0B96EE00B342D8 /* AppDelegate.swift */,
				E2F397491A0B96EE00B342D8 /* BootLogic.swift */,
				E2F3974A1A0B96EE00B342D8 /* ConsoleScreen.swift */,
				E2F3974B1A0B96EE00B342D8 /* MainScreen.swift */,
				E2F397471A0B96ED00B342D8 /* AdaptiveLayout-Bridging-Header.h */,
			);
			name = Core;
			sourceTree = "<group>";
		};
		E2F397501A0B96FA00B342D8 /* WYSIWYG */ = {
			isa = PBXGroup;
			children = (
				E2F397511A0B975500B342D8 /* CenterAView.swift */,
				E2F397521A0B975500B342D8 /* CenterAView.xib */,
				3EDA6A501A0B98A8007B17AF /* LayoutView.swift */,
				3EDA6A511A0B98A8007B17AF /* LayoutView.xib */,
			);
			name = WYSIWYG;
			sourceTree = "<group>";
		};
/* End PBXGroup section */

/* Begin PBXNativeTarget section */
		E2F397201A0B96B100B342D8 /* AdaptiveLayout */ = {
			isa = PBXNativeTarget;
			buildConfigurationList = E2F397401A0B96B100B342D8 /* Build configuration list for PBXNativeTarget "AdaptiveLayout" */;
			buildPhases = (
				E2F3971D1A0B96B100B342D8 /* Sources */,
				E2F3971E1A0B96B100B342D8 /* Frameworks */,
				E2F3971F1A0B96B100B342D8 /* Resources */,
			);
			buildRules = (
			);
			dependencies = (
			);
			name = AdaptiveLayout;
			productName = AdaptiveLayout;
			productReference = E2F397211A0B96B100B342D8 /* AdaptiveLayout.app */;
			productType = "com.apple.product-type.application";
		};
		E2F397351A0B96B100B342D8 /* AdaptiveLayoutTests */ = {
			isa = PBXNativeTarget;
			buildConfigurationList = E2F397431A0B96B100B342D8 /* Build configuration list for PBXNativeTarget "AdaptiveLayoutTests" */;
			buildPhases = (
				E2F397321A0B96B100B342D8 /* Sources */,
				E2F397331A0B96B100B342D8 /* Frameworks */,
				E2F397341A0B96B100B342D8 /* Resources */,
			);
			buildRules = (
			);
			dependencies = (
				E2F397381A0B96B100B342D8 /* PBXTargetDependency */,
			);
			name = AdaptiveLayoutTests;
			productName = AdaptiveLayoutTests;
			productReference = E2F397361A0B96B100B342D8 /* AdaptiveLayoutTests.xctest */;
			productType = "com.apple.product-type.bundle.unit-test";
		};
/* End PBXNativeTarget section */

/* Begin PBXProject section */
		E2F397191A0B96B100B342D8 /* Project object */ = {
			isa = PBXProject;
			attributes = {
				LastUpgradeCheck = 0610;
				ORGANIZATIONNAME = Techmaster;
				TargetAttributes = {
					E2F397201A0B96B100B342D8 = {
						CreatedOnToolsVersion = 6.1;
					};
					E2F397351A0B96B100B342D8 = {
						CreatedOnToolsVersion = 6.1;
						TestTargetID = E2F397201A0B96B100B342D8;
					};
				};
			};
			buildConfigurationList = E2F3971C1A0B96B100B342D8 /* Build configuration list for PBXProject "AdaptiveLayout" */;
			compatibilityVersion = "Xcode 3.2";
			developmentRegion = English;
			hasScannedForEncodings = 0;
			knownRegions = (
				en,
				Base,
			);
			mainGroup = E2F397181A0B96B100B342D8;
			productRefGroup = E2F397221A0B96B100B342D8 /* Products */;
			projectDirPath = "";
			projectRoot = "";
			targets = (
				E2F397201A0B96B100B342D8 /* AdaptiveLayout */,
				E2F397351A0B96B100B342D8 /* AdaptiveLayoutTests */,
			);
		};
/* End PBXProject section */

/* Begin PBXResourcesBuildPhase section */
		E2F3971F1A0B96B100B342D8 /* Resources */ = {
			isa = PBXResourcesBuildPhase;
			buildActionMask = 2147483647;
			files = (
				3EDA6A531A0B98A8007B17AF /* LayoutView.xib in Resources */,
				E2F397311A0B96B100B342D8 /* LaunchScreen.xib in Resources */,
				E2F3972E1A0B96B100B342D8 /* Images.xcassets in Resources */,
				E2F397541A0B975500B342D8 /* CenterAView.xib in Resources */,
			);
			runOnlyForDeploymentPostprocessing = 0;
		};
		E2F397341A0B96B100B342D8 /* Resources */ = {
			isa = PBXResourcesBuildPhase;
			buildActionMask = 2147483647;
			files = (
			);
			runOnlyForDeploymentPostprocessing = 0;
		};
/* End PBXResourcesBuildPhase section */

/* Begin PBXSourcesBuildPhase section */
		E2F3971D1A0B96B100B342D8 /* Sources */ = {
			isa = PBXSourcesBuildPhase;
			buildActionMask = 2147483647;
			files = (
				E2F3974F1A0B96EE00B342D8 /* MainScreen.swift in Sources */,
				E2F3974E1A0B96EE00B342D8 /* ConsoleScreen.swift in Sources */,
				3EDA6A521A0B98A8007B17AF /* LayoutView.swift in Sources */,
				E2F3974D1A0B96EE00B342D8 /* BootLogic.swift in Sources */,
				E2F3974C1A0B96EE00B342D8 /* AppDelegate.swift in Sources */,
				E2F397531A0B975500B342D8 /* CenterAView.swift in Sources */,
			);
			runOnlyForDeploymentPostprocessing = 0;
		};
		E2F397321A0B96B100B342D8 /* Sources */ = {
			isa = PBXSourcesBuildPhase;
			buildActionMask = 2147483647;
			files = (
				E2F3973D1A0B96B100B342D8 /* AdaptiveLayoutTests.swift in Sources */,
			);
			runOnlyForDeploymentPostprocessing = 0;
		};
/* End PBXSourcesBuildPhase section */

/* Begin PBXTargetDependency section */
		E2F397381A0B96B100B342D8 /* PBXTargetDependency */ = {
			isa = PBXTargetDependency;
			target = E2F397201A0B96B100B342D8 /* AdaptiveLayout */;
			targetProxy = E2F397371A0B96B100B342D8 /* PBXContainerItemProxy */;
		};
/* End PBXTargetDependency section */

/* Begin PBXVariantGroup section */
		E2F3972F1A0B96B100B342D8 /* LaunchScreen.xib */ = {
			isa = PBXVariantGroup;
			children = (
				E2F397301A0B96B100B342D8 /* Base */,
			);
			name = LaunchScreen.xib;
			sourceTree = "<group>";
		};
/* End PBXVariantGroup section */

/* Begin XCBuildConfiguration section */
		E2F3973E1A0B96B100B342D8 /* Debug */ = {
			isa = XCBuildConfiguration;
			buildSettings = {
				ALWAYS_SEARCH_USER_PATHS = NO;
				CLANG_CXX_LANGUAGE_STANDARD = "gnu++0x";
				CLANG_CXX_LIBRARY = "libc++";
				CLANG_ENABLE_MODULES = YES;
				CLANG_ENABLE_OBJC_ARC = YES;
				CLANG_WARN_BOOL_CONVERSION = YES;
				CLANG_WARN_CONSTANT_CONVERSION = YES;
				CLANG_WARN_DIRECT_OBJC_ISA_USAGE = YES_ERROR;
				CLANG_WARN_EMPTY_BODY = YES;
				CLANG_WARN_ENUM_CONVERSION = YES;
				CLANG_WARN_INT_CONVERSION = YES;
				CLANG_WARN_OBJC_ROOT_CLASS = YES_ERROR;
				CLANG_WARN_UNREACHABLE_CODE = YES;
				CLANG_WARN__DUPLICATE_METHOD_MATCH = YES;
				"CODE_SIGN_IDENTITY[sdk=iphoneos*]" = "iPhone Developer";
				COPY_PHASE_STRIP = NO;
				ENABLE_STRICT_OBJC_MSGSEND = YES;
				GCC_C_LANGUAGE_STANDARD = gnu99;
				GCC_DYNAMIC_NO_PIC = NO;
				GCC_OPTIMIZATION_LEVEL = 0;
				GCC_PREPROCESSOR_DEFINITIONS = (
					"DEBUG=1",
					"$(inherited)",
				);
				GCC_SYMBOLS_PRIVATE_EXTERN = NO;
				GCC_WARN_64_TO_32_BIT_CONVERSION = YES;
				GCC_WARN_ABOUT_RETURN_TYPE = YES_ERROR;
				GCC_WARN_UNDECLARED_SELECTOR = YES;
				GCC_WARN_UNINITIALIZED_AUTOS = YES_AGGRESSIVE;
				GCC_WARN_UNUSED_FUNCTION = YES;
				GCC_WARN_UNUSED_VARIABLE = YES;
				IPHONEOS_DEPLOYMENT_TARGET = 8.1;
				MTL_ENABLE_DEBUG_INFO = YES;
				ONLY_ACTIVE_ARCH = YES;
				SDKROOT = iphoneos;
				SWIFT_OPTIMIZATION_LEVEL = "-Onone";
				TARGETED_DEVICE_FAMILY = "1,2";
			};
			name = Debug;
		};
		E2F3973F1A0B96B100B342D8 /* Release */ = {
			isa = XCBuildConfiguration;
			buildSettings = {
				ALWAYS_SEARCH_USER_PATHS = NO;
				CLANG_CXX_LANGUAGE_STANDARD = "gnu++0x";
				CLANG_CXX_LIBRARY = "libc++";
				CLANG_ENABLE_MODULES = YES;
				CLANG_ENABLE_OBJC_ARC = YES;
				CLANG_WARN_BOOL_CONVERSION = YES;
				CLANG_WARN_CONSTANT_CONVERSION = YES;
				CLANG_WARN_DIRECT_OBJC_ISA_USAGE = YES_ERROR;
				CLANG_WARN_EMPTY_BODY = YES;
				CLANG_WARN_ENUM_CONVERSION = YES;
				CLANG_WARN_INT_CONVERSION = YES;
				CLANG_WARN_OBJC_ROOT_CLASS = YES_ERROR;
				CLANG_WARN_UNREACHABLE_CODE = YES;
				CLANG_WARN__DUPLICATE_METHOD_MATCH = YES;
				"CODE_SIGN_IDENTITY[sdk=iphoneos*]" = "iPhone Developer";
				COPY_PHASE_STRIP = YES;
				ENABLE_NS_ASSERTIONS = NO;
				ENABLE_STRICT_OBJC_MSGSEND = YES;
				GCC_C_LANGUAGE_STANDARD = gnu99;
				GCC_WARN_64_TO_32_BIT_CONVERSION = YES;
				GCC_WARN_ABOUT_RETURN_TYPE = YES_ERROR;
				GCC_WARN_UNDECLARED_SELECTOR = YES;
				GCC_WARN_UNINITIALIZED_AUTOS = YES_AGGRESSIVE;
				GCC_WARN_UNUSED_FUNCTION = YES;
				GCC_WARN_UNUSED_VARIABLE = YES;
				IPHONEOS_DEPLOYMENT_TARGET = 8.1;
				MTL_ENABLE_DEBUG_INFO = NO;
				SDKROOT = iphoneos;
				TARGETED_DEVICE_FAMILY = "1,2";
				VALIDATE_PRODUCT = YES;
			};
			name = Release;
		};
		E2F397411A0B96B100B342D8 /* Debug */ = {
			isa = XCBuildConfiguration;
			buildSettings = {
				ASSETCATALOG_COMPILER_APPICON_NAME = AppIcon;
				CLANG_ENABLE_MODULES = YES;
				INFOPLIST_FILE = AdaptiveLayout/Info.plist;
				LD_RUNPATH_SEARCH_PATHS = "$(inherited) @executable_path/Frameworks";
				PRODUCT_NAME = "$(TARGET_NAME)";
				SWIFT_OBJC_BRIDGING_HEADER = "AdaptiveLayout/AdaptiveLayout-Bridging-Header.h";
				SWIFT_OPTIMIZATION_LEVEL = "-Onone";
			};
			name = Debug;
		};
		E2F397421A0B96B100B342D8 /* Release */ = {
			isa = XCBuildConfiguration;
			buildSettings = {
				ASSETCATALOG_COMPILER_APPICON_NAME = AppIcon;
				CLANG_ENABLE_MODULES = YES;
				INFOPLIST_FILE = AdaptiveLayout/Info.plist;
				LD_RUNPATH_SEARCH_PATHS = "$(inherited) @executable_path/Frameworks";
				PRODUCT_NAME = "$(TARGET_NAME)";
				SWIFT_OBJC_BRIDGING_HEADER = "AdaptiveLayout/AdaptiveLayout-Bridging-Header.h";
			};
			name = Release;
		};
		E2F397441A0B96B100B342D8 /* Debug */ = {
			isa = XCBuildConfiguration;
			buildSettings = {
				BUNDLE_LOADER = "$(TEST_HOST)";
				FRAMEWORK_SEARCH_PATHS = (
					"$(SDKROOT)/Developer/Library/Frameworks",
					"$(inherited)",
				);
				GCC_PREPROCESSOR_DEFINITIONS = (
					"DEBUG=1",
					"$(inherited)",
				);
				INFOPLIST_FILE = AdaptiveLayoutTests/Info.plist;
				LD_RUNPATH_SEARCH_PATHS = "$(inherited) @executable_path/Frameworks @loader_path/Frameworks";
				PRODUCT_NAME = "$(TARGET_NAME)";
				TEST_HOST = "$(BUILT_PRODUCTS_DIR)/AdaptiveLayout.app/AdaptiveLayout";
			};
			name = Debug;
		};
		E2F397451A0B96B100B342D8 /* Release */ = {
			isa = XCBuildConfiguration;
			buildSettings = {
				BUNDLE_LOADER = "$(TEST_HOST)";
				FRAMEWORK_SEARCH_PATHS = (
					"$(SDKROOT)/Developer/Library/Frameworks",
					"$(inherited)",
				);
				INFOPLIST_FILE = AdaptiveLayoutTests/Info.plist;
				LD_RUNPATH_SEARCH_PATHS = "$(inherited) @executable_path/Frameworks @loader_path/Frameworks";
				PRODUCT_NAME = "$(TARGET_NAME)";
				TEST_HOST = "$(BUILT_PRODUCTS_DIR)/AdaptiveLayout.app/AdaptiveLayout";
			};
			name = Release;
		};
/* End XCBuildConfiguration section */

/* Begin XCConfigurationList section */
		E2F3971C1A0B96B100B342D8 /* Build configuration list for PBXProject "AdaptiveLayout" */ = {
			isa = XCConfigurationList;
			buildConfigurations = (
				E2F3973E1A0B96B100B342D8 /* Debug */,
				E2F3973F1A0B96B100B342D8 /* Release */,
			);
			defaultConfigurationIsVisible = 0;
			defaultConfigurationName = Release;
		};
		E2F397401A0B96B100B342D8 /* Build configuration list for PBXNativeTarget "AdaptiveLayout" */ = {
			isa = XCConfigurationList;
			buildConfigurations = (
				E2F397411A0B96B100B342D8 /* Debug */,
				E2F397421A0B96B100B342D8 /* Release */,
			);
			defaultConfigurationIsVisible = 0;
			defaultConfigurationName = Release;
		};
		E2F397431A0B96B100B342D8 /* Build configuration list for PBXNativeTarget "AdaptiveLayoutTests" */ = {
			isa = XCConfigurationList;
			buildConfigurations = (
				E2F397441A0B96B100B342D8 /* Debug */,
				E2F397451A0B96B100B342D8 /* Release */,
			);
			defaultConfigurationIsVisible = 0;
			defaultConfigurationName = Release;
		};
/* End XCConfigurationList section */
	};
	rootObject = E2F397191A0B96B100B342D8 /* Project object */;
}
