// !$*UTF8*$!
{
	archiveVersion = 1;
	classes = {
	};
	objectVersion = 46;
	objects = {

/* Begin PBXBuildFile section */
		3E5F7D2319D435F500DA5B72 /* Images.xcassets in Resources */ = {isa = PBXBuildFile; fileRef = 3E5F7D2219D435F500DA5B72 /* Images.xcassets */; };
		3E5F7D3219D435F500DA5B72 /* SwiftDemoTests.swift in Sources */ = {isa = PBXBuildFile; fileRef = 3E5F7D3119D435F500DA5B72 /* SwiftDemoTests.swift */; };
		3E5F7D3E19D4372B00DA5B72 /* AppDelegate.swift in Sources */ = {isa = PBXBuildFile; fileRef = 3E5F7D3C19D4372B00DA5B72 /* AppDelegate.swift */; };
		3E5F7D3F19D4372B00DA5B72 /* ConsoleScreen.swift in Sources */ = {isa = PBXBuildFile; fileRef = 3E5F7D3D19D4372B00DA5B72 /* ConsoleScreen.swift */; };
		3E5F7DC619D437A900DA5B72 /* BootLogic.swift in Sources */ = {isa = PBXBuildFile; fileRef = 3E5F7DC419D437A900DA5B72 /* BootLogic.swift */; };
		3E5F7DC719D437A900DA5B72 /* MainScreen.swift in Sources */ = {isa = PBXBuildFile; fileRef = 3E5F7DC519D437A900DA5B72 /* MainScreen.swift */; };
		3E5F7DCC19D43A2800DA5B72 /* DeclareVarConstant.swift in Sources */ = {isa = PBXBuildFile; fileRef = 3E5F7DCB19D43A2800DA5B72 /* DeclareVarConstant.swift */; };
		3EFE26D719D4502100DE4706 /* Shape.swift in Sources */ = {isa = PBXBuildFile; fileRef = 3EFE26D619D4502100DE4706 /* Shape.swift */; };
		3EFE26DB19D456F600DE4706 /* Square.swift in Sources */ = {isa = PBXBuildFile; fileRef = 3EFE26DA19D456F600DE4706 /* Square.swift */; };
		3EFE26DD19D45C5000DE4706 /* Pentagon.swift in Sources */ = {isa = PBXBuildFile; fileRef = 3EFE26DC19D45C5000DE4706 /* Pentagon.swift */; };
		6EDE3EA919E64EC40058E4AB /* Practice01.swift in Sources */ = {isa = PBXBuildFile; fileRef = 6EDE3EA819E64EC40058E4AB /* Practice01.swift */; };
		6EE7A45619E6619A00433651 /* Practice02.swift in Sources */ = {isa = PBXBuildFile; fileRef = 6EE7A45519E6619A00433651 /* Practice02.swift */; };
		6EE7A45819E6685900433651 /* Practice03.swift in Sources */ = {isa = PBXBuildFile; fileRef = 6EE7A45719E6685900433651 /* Practice03.swift */; };
		6EE7A45D19E6695900433651 /* Animal.swift in Sources */ = {isa = PBXBuildFile; fileRef = 6EE7A45C19E6695900433651 /* Animal.swift */; };
		6EE7A46119E66A8000433651 /* Dog.swift in Sources */ = {isa = PBXBuildFile; fileRef = 6EE7A46019E66A8000433651 /* Dog.swift */; };
		6EE7A46319E66AA800433651 /* Cat.swift in Sources */ = {isa = PBXBuildFile; fileRef = 6EE7A46219E66AA800433651 /* Cat.swift */; };
		6EE7A46519E66ADD00433651 /* Horse.swift in Sources */ = {isa = PBXBuildFile; fileRef = 6EE7A46419E66ADD00433651 /* Horse.swift */; };
		6EE7A46719E66B0400433651 /* Pig.swift in Sources */ = {isa = PBXBuildFile; fileRef = 6EE7A46619E66B0400433651 /* Pig.swift */; };
/* End PBXBuildFile section */

/* Begin PBXContainerItemProxy section */
		3E5F7D2C19D435F500DA5B72 /* PBXContainerItemProxy */ = {
			isa = PBXContainerItemProxy;
			containerPortal = 3E5F7D0E19D435F500DA5B72 /* Project object */;
			proxyType = 1;
			remoteGlobalIDString = 3E5F7D1519D435F500DA5B72;
			remoteInfo = SwiftDemo;
		};
/* End PBXContainerItemProxy section */

/* Begin PBXFileReference section */
		3E5F7D1619D435F500DA5B72 /* SwiftDemo.app */ = {isa = PBXFileReference; explicitFileType = wrapper.application; includeInIndex = 0; path = SwiftDemo.app; sourceTree = BUILT_PRODUCTS_DIR; };
		3E5F7D1A19D435F500DA5B72 /* Info.plist */ = {isa = PBXFileReference; lastKnownFileType = text.plist.xml; path = Info.plist; sourceTree = "<group>"; };
		3E5F7D2219D435F500DA5B72 /* Images.xcassets */ = {isa = PBXFileReference; lastKnownFileType = folder.assetcatalog; path = Images.xcassets; sourceTree = "<group>"; };
		3E5F7D2B19D435F500DA5B72 /* SwiftDemoTests.xctest */ = {isa = PBXFileReference; explicitFileType = wrapper.cfbundle; includeInIndex = 0; path = SwiftDemoTests.xctest; sourceTree = BUILT_PRODUCTS_DIR; };
		3E5F7D3019D435F500DA5B72 /* Info.plist */ = {isa = PBXFileReference; lastKnownFileType = text.plist.xml; path = Info.plist; sourceTree = "<group>"; };
		3E5F7D3119D435F500DA5B72 /* SwiftDemoTests.swift */ = {isa = PBXFileReference; lastKnownFileType = sourcecode.swift; path = SwiftDemoTests.swift; sourceTree = "<group>"; };
		3E5F7D3C19D4372B00DA5B72 /* AppDelegate.swift */ = {isa = PBXFileReference; fileEncoding = 4; lastKnownFileType = sourcecode.swift; path = AppDelegate.swift; sourceTree = "<group>"; };
		3E5F7D3D19D4372B00DA5B72 /* ConsoleScreen.swift */ = {isa = PBXFileReference; fileEncoding = 4; lastKnownFileType = sourcecode.swift; path = ConsoleScreen.swift; sourceTree = "<group>"; };
		3E5F7DC419D437A900DA5B72 /* BootLogic.swift */ = {isa = PBXFileReference; fileEncoding = 4; lastKnownFileType = sourcecode.swift; path = BootLogic.swift; sourceTree = "<group>"; };
		3E5F7DC519D437A900DA5B72 /* MainScreen.swift */ = {isa = PBXFileReference; fileEncoding = 4; lastKnownFileType = sourcecode.swift; path = MainScreen.swift; sourceTree = "<group>"; };
		3E5F7DCB19D43A2800DA5B72 /* DeclareVarConstant.swift */ = {isa = PBXFileReference; fileEncoding = 4; lastKnownFileType = sourcecode.swift; path = DeclareVarConstant.swift; sourceTree = "<group>"; };
		3EFE26D619D4502100DE4706 /* Shape.swift */ = {isa = PBXFileReference; fileEncoding = 4; lastKnownFileType = sourcecode.swift; path = Shape.swift; sourceTree = "<group>"; };
		3EFE26DA19D456F600DE4706 /* Square.swift */ = {isa = PBXFileReference; fileEncoding = 4; lastKnownFileType = sourcecode.swift; path = Square.swift; sourceTree = "<group>"; };
		3EFE26DC19D45C5000DE4706 /* Pentagon.swift */ = {isa = PBXFileReference; fileEncoding = 4; lastKnownFileType = sourcecode.swift; path = Pentagon.swift; sourceTree = "<group>"; };
		6EDE3EA819E64EC40058E4AB /* Practice01.swift */ = {isa = PBXFileReference; fileEncoding = 4; lastKnownFileType = sourcecode.swift; name = Practice01.swift; path = Day04/Practice01.swift; sourceTree = "<group>"; };
		6EE7A45519E6619A00433651 /* Practice02.swift */ = {isa = PBXFileReference; fileEncoding = 4; lastKnownFileType = sourcecode.swift; name = Practice02.swift; path = Day04/Practice02.swift; sourceTree = "<group>"; };
		6EE7A45719E6685900433651 /* Practice03.swift */ = {isa = PBXFileReference; fileEncoding = 4; lastKnownFileType = sourcecode.swift; name = Practice03.swift; path = Day04/Practice03.swift; sourceTree = "<group>"; };
		6EE7A45C19E6695900433651 /* Animal.swift */ = {isa = PBXFileReference; fileEncoding = 4; lastKnownFileType = sourcecode.swift; name = Animal.swift; path = Day04/Animal.swift; sourceTree = "<group>"; };
		6EE7A46019E66A8000433651 /* Dog.swift */ = {isa = PBXFileReference; fileEncoding = 4; lastKnownFileType = sourcecode.swift; name = Dog.swift; path = Day04/Dog.swift; sourceTree = "<group>"; };
		6EE7A46219E66AA800433651 /* Cat.swift */ = {isa = PBXFileReference; fileEncoding = 4; lastKnownFileType = sourcecode.swift; name = Cat.swift; path = Day04/Cat.swift; sourceTree = "<group>"; };
		6EE7A46419E66ADD00433651 /* Horse.swift */ = {isa = PBXFileReference; fileEncoding = 4; lastKnownFileType = sourcecode.swift; name = Horse.swift; path = Day04/Horse.swift; sourceTree = "<group>"; };
		6EE7A46619E66B0400433651 /* Pig.swift */ = {isa = PBXFileReference; fileEncoding = 4; lastKnownFileType = sourcecode.swift; name = Pig.swift; path = Day04/Pig.swift; sourceTree = "<group>"; };
/* End PBXFileReference section */

/* Begin PBXFrameworksBuildPhase section */
		3E5F7D1319D435F500DA5B72 /* Frameworks */ = {
			isa = PBXFrameworksBuildPhase;
			buildActionMask = 2147483647;
			files = (
			);
			runOnlyForDeploymentPostprocessing = 0;
		};
		3E5F7D2819D435F500DA5B72 /* Frameworks */ = {
			isa = PBXFrameworksBuildPhase;
			buildActionMask = 2147483647;
			files = (
			);
			runOnlyForDeploymentPostprocessing = 0;
		};
/* End PBXFrameworksBuildPhase section */

/* Begin PBXGroup section */
		3E5F7D0D19D435F500DA5B72 = {
			isa = PBXGroup;
			children = (
				3E5F7DC819D438F900DA5B72 /* Basic */,
				3E5F7D3B19D4361900DA5B72 /* Core */,
				3E5F7D1819D435F500DA5B72 /* SwiftDemo */,
				3E5F7D2E19D435F500DA5B72 /* SwiftDemoTests */,
				3E5F7D1719D435F500DA5B72 /* Products */,
			);
			sourceTree = "<group>";
		};
		3E5F7D1719D435F500DA5B72 /* Products */ = {
			isa = PBXGroup;
			children = (
				3E5F7D1619D435F500DA5B72 /* SwiftDemo.app */,
				3E5F7D2B19D435F500DA5B72 /* SwiftDemoTests.xctest */,
			);
			name = Products;
			sourceTree = "<group>";
		};
		3E5F7D1819D435F500DA5B72 /* SwiftDemo */ = {
			isa = PBXGroup;
			children = (
				3E5F7D2219D435F500DA5B72 /* Images.xcassets */,
				3E5F7D1919D435F500DA5B72 /* Supporting Files */,
			);
			path = SwiftDemo;
			sourceTree = "<group>";
		};
		3E5F7D1919D435F500DA5B72 /* Supporting Files */ = {
			isa = PBXGroup;
			children = (
				3E5F7D1A19D435F500DA5B72 /* Info.plist */,
			);
			name = "Supporting Files";
			sourceTree = "<group>";
		};
		3E5F7D2E19D435F500DA5B72 /* SwiftDemoTests */ = {
			isa = PBXGroup;
			children = (
				3E5F7D3119D435F500DA5B72 /* SwiftDemoTests.swift */,
				3E5F7D2F19D435F500DA5B72 /* Supporting Files */,
			);
			path = SwiftDemoTests;
			sourceTree = "<group>";
		};
		3E5F7D2F19D435F500DA5B72 /* Supporting Files */ = {
			isa = PBXGroup;
			children = (
				3E5F7D3019D435F500DA5B72 /* Info.plist */,
			);
			name = "Supporting Files";
			sourceTree = "<group>";
		};
		3E5F7D3B19D4361900DA5B72 /* Core */ = {
			isa = PBXGroup;
			children = (
				3E5F7DC419D437A900DA5B72 /* BootLogic.swift */,
				3E5F7DC519D437A900DA5B72 /* MainScreen.swift */,
				3E5F7D3C19D4372B00DA5B72 /* AppDelegate.swift */,
				3E5F7D3D19D4372B00DA5B72 /* ConsoleScreen.swift */,
			);
			name = Core;
			sourceTree = "<group>";
		};
		3E5F7DC819D438F900DA5B72 /* Basic */ = {
			isa = PBXGroup;
			children = (
				6EDE3EA519E64E490058E4AB /* Day04 */,
				3EFE26D519D4500D00DE4706 /* DemoShape */,
				3E5F7DCB19D43A2800DA5B72 /* DeclareVarConstant.swift */,
			);
			name = Basic;
			sourceTree = "<group>";
		};
		3EFE26D519D4500D00DE4706 /* DemoShape */ = {
			isa = PBXGroup;
			children = (
				3EFE26D619D4502100DE4706 /* Shape.swift */,
				3EFE26DA19D456F600DE4706 /* Square.swift */,
				3EFE26DC19D45C5000DE4706 /* Pentagon.swift */,
			);
			name = DemoShape;
			sourceTree = "<group>";
		};
		6EDE3EA519E64E490058E4AB /* Day04 */ = {
			isa = PBXGroup;
			children = (
				6EE7A45919E668C200433651 /* AnimalForest */,
				6EDE3EA819E64EC40058E4AB /* Practice01.swift */,
				6EE7A45519E6619A00433651 /* Practice02.swift */,
				6EE7A45719E6685900433651 /* Practice03.swift */,
			);
			name = Day04;
			sourceTree = "<group>";
		};
		6EE7A45919E668C200433651 /* AnimalForest */ = {
			isa = PBXGroup;
			children = (
				6EE7A45C19E6695900433651 /* Animal.swift */,
				6EE7A46019E66A8000433651 /* Dog.swift */,
				6EE7A46219E66AA800433651 /* Cat.swift */,
				6EE7A46419E66ADD00433651 /* Horse.swift */,
				6EE7A46619E66B0400433651 /* Pig.swift */,
			);
			name = AnimalForest;
			sourceTree = "<group>";
		};
/* End PBXGroup section */

/* Begin PBXNativeTarget section */
		3E5F7D1519D435F500DA5B72 /* SwiftDemo */ = {
			isa = PBXNativeTarget;
			buildConfigurationList = 3E5F7D3519D435F500DA5B72 /* Build configuration list for PBXNativeTarget "SwiftDemo" */;
			buildPhases = (
				3E5F7D1219D435F500DA5B72 /* Sources */,
				3E5F7D1319D435F500DA5B72 /* Frameworks */,
				3E5F7D1419D435F500DA5B72 /* Resources */,
			);
			buildRules = (
			);
			dependencies = (
			);
			name = SwiftDemo;
			productName = SwiftDemo;
			productReference = 3E5F7D1619D435F500DA5B72 /* SwiftDemo.app */;
			productType = "com.apple.product-type.application";
		};
		3E5F7D2A19D435F500DA5B72 /* SwiftDemoTests */ = {
			isa = PBXNativeTarget;
			buildConfigurationList = 3E5F7D3819D435F500DA5B72 /* Build configuration list for PBXNativeTarget "SwiftDemoTests" */;
			buildPhases = (
				3E5F7D2719D435F500DA5B72 /* Sources */,
				3E5F7D2819D435F500DA5B72 /* Frameworks */,
				3E5F7D2919D435F500DA5B72 /* Resources */,
			);
			buildRules = (
			);
			dependencies = (
				3E5F7D2D19D435F500DA5B72 /* PBXTargetDependency */,
			);
			name = SwiftDemoTests;
			productName = SwiftDemoTests;
			productReference = 3E5F7D2B19D435F500DA5B72 /* SwiftDemoTests.xctest */;
			productType = "com.apple.product-type.bundle.unit-test";
		};
/* End PBXNativeTarget section */

/* Begin PBXProject section */
		3E5F7D0E19D435F500DA5B72 /* Project object */ = {
			isa = PBXProject;
			attributes = {
				LastUpgradeCheck = 0600;
				ORGANIZATIONNAME = khiemnv;
				TargetAttributes = {
					3E5F7D1519D435F500DA5B72 = {
						CreatedOnToolsVersion = 6.0;
					};
					3E5F7D2A19D435F500DA5B72 = {
						CreatedOnToolsVersion = 6.0;
						TestTargetID = 3E5F7D1519D435F500DA5B72;
					};
				};
			};
			buildConfigurationList = 3E5F7D1119D435F500DA5B72 /* Build configuration list for PBXProject "SwiftDemo" */;
			compatibilityVersion = "Xcode 3.2";
			developmentRegion = English;
			hasScannedForEncodings = 0;
			knownRegions = (
				en,
				Base,
			);
			mainGroup = 3E5F7D0D19D435F500DA5B72;
			productRefGroup = 3E5F7D1719D435F500DA5B72 /* Products */;
			projectDirPath = "";
			projectRoot = "";
			targets = (
				3E5F7D1519D435F500DA5B72 /* SwiftDemo */,
				3E5F7D2A19D435F500DA5B72 /* SwiftDemoTests */,
			);
		};
/* End PBXProject section */

/* Begin PBXResourcesBuildPhase section */
		3E5F7D1419D435F500DA5B72 /* Resources */ = {
			isa = PBXResourcesBuildPhase;
			buildActionMask = 2147483647;
			files = (
				3E5F7D2319D435F500DA5B72 /* Images.xcassets in Resources */,
			);
			runOnlyForDeploymentPostprocessing = 0;
		};
		3E5F7D2919D435F500DA5B72 /* Resources */ = {
			isa = PBXResourcesBuildPhase;
			buildActionMask = 2147483647;
			files = (
			);
			runOnlyForDeploymentPostprocessing = 0;
		};
/* End PBXResourcesBuildPhase section */

/* Begin PBXSourcesBuildPhase section */
		3E5F7D1219D435F500DA5B72 /* Sources */ = {
			isa = PBXSourcesBuildPhase;
			buildActionMask = 2147483647;
			files = (
				6EE7A45819E6685900433651 /* Practice03.swift in Sources */,
				3E5F7DC719D437A900DA5B72 /* MainScreen.swift in Sources */,
				3E5F7D3E19D4372B00DA5B72 /* AppDelegate.swift in Sources */,
				3EFE26DD19D45C5000DE4706 /* Pentagon.swift in Sources */,
				6EE7A46719E66B0400433651 /* Pig.swift in Sources */,
				6EDE3EA919E64EC40058E4AB /* Practice01.swift in Sources */,
				6EE7A45D19E6695900433651 /* Animal.swift in Sources */,
				6EE7A46519E66ADD00433651 /* Horse.swift in Sources */,
				3EFE26D719D4502100DE4706 /* Shape.swift in Sources */,
				3E5F7DCC19D43A2800DA5B72 /* DeclareVarConstant.swift in Sources */,
				6EE7A46319E66AA800433651 /* Cat.swift in Sources */,
				3EFE26DB19D456F600DE4706 /* Square.swift in Sources */,
				3E5F7DC619D437A900DA5B72 /* BootLogic.swift in Sources */,
				6EE7A45619E6619A00433651 /* Practice02.swift in Sources */,
				6EE7A46119E66A8000433651 /* Dog.swift in Sources */,
				3E5F7D3F19D4372B00DA5B72 /* ConsoleScreen.swift in Sources */,
			);
			runOnlyForDeploymentPostprocessing = 0;
		};
		3E5F7D2719D435F500DA5B72 /* Sources */ = {
			isa = PBXSourcesBuildPhase;
			buildActionMask = 2147483647;
			files = (
				3E5F7D3219D435F500DA5B72 /* SwiftDemoTests.swift in Sources */,
			);
			runOnlyForDeploymentPostprocessing = 0;
		};
/* End PBXSourcesBuildPhase section */

/* Begin PBXTargetDependency section */
		3E5F7D2D19D435F500DA5B72 /* PBXTargetDependency */ = {
			isa = PBXTargetDependency;
			target = 3E5F7D1519D435F500DA5B72 /* SwiftDemo */;
			targetProxy = 3E5F7D2C19D435F500DA5B72 /* PBXContainerItemProxy */;
		};
/* End PBXTargetDependency section */

/* Begin XCBuildConfiguration section */
		3E5F7D3319D435F500DA5B72 /* Debug */ = {
			isa = XCBuildConfiguration;
			buildSettings = {
				ALWAYS_SEARCH_USER_PATHS = NO;
				CLANG_CXX_LANGUAGE_STANDARD = "gnu++0x";
				CLANG_CXX_LIBRARY = "libc++";
				CLANG_ENABLE_MODULES = YES;
				CLANG_ENABLE_OBJC_ARC = YES;
				CLANG_WARN_BOOL_CONVERSION = YES;
				CLANG_WARN_CONSTANT_CONVERSION = YES;
				CLANG_WARN_DIRECT_OBJC_ISA_USAGE = YES_ERROR;
				CLANG_WARN_EMPTY_BODY = YES;
				CLANG_WARN_ENUM_CONVERSION = YES;
				CLANG_WARN_INT_CONVERSION = YES;
				CLANG_WARN_OBJC_ROOT_CLASS = YES_ERROR;
				CLANG_WARN_UNREACHABLE_CODE = YES;
				CLANG_WARN__DUPLICATE_METHOD_MATCH = YES;
				"CODE_SIGN_IDENTITY[sdk=iphoneos*]" = "iPhone Developer";
				COPY_PHASE_STRIP = NO;
				ENABLE_STRICT_OBJC_MSGSEND = YES;
				GCC_C_LANGUAGE_STANDARD = gnu99;
				GCC_DYNAMIC_NO_PIC = NO;
				GCC_OPTIMIZATION_LEVEL = 0;
				GCC_PREPROCESSOR_DEFINITIONS = (
					"DEBUG=1",
					"$(inherited)",
				);
				GCC_SYMBOLS_PRIVATE_EXTERN = NO;
				GCC_WARN_64_TO_32_BIT_CONVERSION = YES;
				GCC_WARN_ABOUT_RETURN_TYPE = YES_ERROR;
				GCC_WARN_UNDECLARED_SELECTOR = YES;
				GCC_WARN_UNINITIALIZED_AUTOS = YES_AGGRESSIVE;
				GCC_WARN_UNUSED_FUNCTION = YES;
				GCC_WARN_UNUSED_VARIABLE = YES;
				IPHONEOS_DEPLOYMENT_TARGET = 8.0;
				MTL_ENABLE_DEBUG_INFO = YES;
				ONLY_ACTIVE_ARCH = YES;
				SDKROOT = iphoneos;
				SWIFT_OPTIMIZATION_LEVEL = "-Onone";
			};
			name = Debug;
		};
		3E5F7D3419D435F500DA5B72 /* Release */ = {
			isa = XCBuildConfiguration;
			buildSettings = {
				ALWAYS_SEARCH_USER_PATHS = NO;
				CLANG_CXX_LANGUAGE_STANDARD = "gnu++0x";
				CLANG_CXX_LIBRARY = "libc++";
				CLANG_ENABLE_MODULES = YES;
				CLANG_ENABLE_OBJC_ARC = YES;
				CLANG_WARN_BOOL_CONVERSION = YES;
				CLANG_WARN_CONSTANT_CONVERSION = YES;
				CLANG_WARN_DIRECT_OBJC_ISA_USAGE = YES_ERROR;
				CLANG_WARN_EMPTY_BODY = YES;
				CLANG_WARN_ENUM_CONVERSION = YES;
				CLANG_WARN_INT_CONVERSION = YES;
				CLANG_WARN_OBJC_ROOT_CLASS = YES_ERROR;
				CLANG_WARN_UNREACHABLE_CODE = YES;
				CLANG_WARN__DUPLICATE_METHOD_MATCH = YES;
				"CODE_SIGN_IDENTITY[sdk=iphoneos*]" = "iPhone Developer";
				COPY_PHASE_STRIP = YES;
				ENABLE_NS_ASSERTIONS = NO;
				ENABLE_STRICT_OBJC_MSGSEND = YES;
				GCC_C_LANGUAGE_STANDARD = gnu99;
				GCC_WARN_64_TO_32_BIT_CONVERSION = YES;
				GCC_WARN_ABOUT_RETURN_TYPE = YES_ERROR;
				GCC_WARN_UNDECLARED_SELECTOR = YES;
				GCC_WARN_UNINITIALIZED_AUTOS = YES_AGGRESSIVE;
				GCC_WARN_UNUSED_FUNCTION = YES;
				GCC_WARN_UNUSED_VARIABLE = YES;
				IPHONEOS_DEPLOYMENT_TARGET = 8.0;
				MTL_ENABLE_DEBUG_INFO = NO;
				SDKROOT = iphoneos;
				VALIDATE_PRODUCT = YES;
			};
			name = Release;
		};
		3E5F7D3619D435F500DA5B72 /* Debug */ = {
			isa = XCBuildConfiguration;
			buildSettings = {
				ASSETCATALOG_COMPILER_APPICON_NAME = AppIcon;
				INFOPLIST_FILE = SwiftDemo/Info.plist;
				LD_RUNPATH_SEARCH_PATHS = "$(inherited) @executable_path/Frameworks";
				PRODUCT_NAME = "$(TARGET_NAME)";
			};
			name = Debug;
		};
		3E5F7D3719D435F500DA5B72 /* Release */ = {
			isa = XCBuildConfiguration;
			buildSettings = {
				ASSETCATALOG_COMPILER_APPICON_NAME = AppIcon;
				INFOPLIST_FILE = SwiftDemo/Info.plist;
				LD_RUNPATH_SEARCH_PATHS = "$(inherited) @executable_path/Frameworks";
				PRODUCT_NAME = "$(TARGET_NAME)";
			};
			name = Release;
		};
		3E5F7D3919D435F500DA5B72 /* Debug */ = {
			isa = XCBuildConfiguration;
			buildSettings = {
				BUNDLE_LOADER = "$(TEST_HOST)";
				FRAMEWORK_SEARCH_PATHS = (
					"$(SDKROOT)/Developer/Library/Frameworks",
					"$(inherited)",
				);
				GCC_PREPROCESSOR_DEFINITIONS = (
					"DEBUG=1",
					"$(inherited)",
				);
				INFOPLIST_FILE = SwiftDemoTests/Info.plist;
				LD_RUNPATH_SEARCH_PATHS = "$(inherited) @executable_path/Frameworks @loader_path/Frameworks";
				PRODUCT_NAME = "$(TARGET_NAME)";
				TEST_HOST = "$(BUILT_PRODUCTS_DIR)/SwiftDemo.app/SwiftDemo";
			};
			name = Debug;
		};
		3E5F7D3A19D435F500DA5B72 /* Release */ = {
			isa = XCBuildConfiguration;
			buildSettings = {
				BUNDLE_LOADER = "$(TEST_HOST)";
				FRAMEWORK_SEARCH_PATHS = (
					"$(SDKROOT)/Developer/Library/Frameworks",
					"$(inherited)",
				);
				INFOPLIST_FILE = SwiftDemoTests/Info.plist;
				LD_RUNPATH_SEARCH_PATHS = "$(inherited) @executable_path/Frameworks @loader_path/Frameworks";
				PRODUCT_NAME = "$(TARGET_NAME)";
				TEST_HOST = "$(BUILT_PRODUCTS_DIR)/SwiftDemo.app/SwiftDemo";
			};
			name = Release;
		};
/* End XCBuildConfiguration section */

/* Begin XCConfigurationList section */
		3E5F7D1119D435F500DA5B72 /* Build configuration list for PBXProject "SwiftDemo" */ = {
			isa = XCConfigurationList;
			buildConfigurations = (
				3E5F7D3319D435F500DA5B72 /* Debug */,
				3E5F7D3419D435F500DA5B72 /* Release */,
			);
			defaultConfigurationIsVisible = 0;
			defaultConfigurationName = Release;
		};
		3E5F7D3519D435F500DA5B72 /* Build configuration list for PBXNativeTarget "SwiftDemo" */ = {
			isa = XCConfigurationList;
			buildConfigurations = (
				3E5F7D3619D435F500DA5B72 /* Debug */,
				3E5F7D3719D435F500DA5B72 /* Release */,
			);
			defaultConfigurationIsVisible = 0;
			defaultConfigurationName = Release;
		};
		3E5F7D3819D435F500DA5B72 /* Build configuration list for PBXNativeTarget "SwiftDemoTests" */ = {
			isa = XCConfigurationList;
			buildConfigurations = (
				3E5F7D3919D435F500DA5B72 /* Debug */,
				3E5F7D3A19D435F500DA5B72 /* Release */,
			);
			defaultConfigurationIsVisible = 0;
			defaultConfigurationName = Release;
		};
/* End XCConfigurationList section */
	};
	rootObject = 3E5F7D0E19D435F500DA5B72 /* Project object */;
}
