// !$*UTF8*$!
{
	archiveVersion = 1;
	classes = {
	};
	objectVersion = 46;
	objects = {

/* Begin PBXBuildFile section */
		6E2E669A1A1C8296000A4796 /* ScrollViewVC.swift in Sources */ = {isa = PBXBuildFile; fileRef = 6E2E66991A1C8296000A4796 /* ScrollViewVC.swift */; };
		6E3093791A19E3CC00478DED /* Item.swift in Sources */ = {isa = PBXBuildFile; fileRef = 6E3093781A19E3CC00478DED /* Item.swift */; };
		6E30937B1A19E63300478DED /* Food3.jpg in Resources */ = {isa = PBXBuildFile; fileRef = 6E30937A1A19E63300478DED /* Food3.jpg */; };
		6EDBD9981A18A39400675FD9 /* AppDelegate.swift in Sources */ = {isa = PBXBuildFile; fileRef = 6EDBD9971A18A39400675FD9 /* AppDelegate.swift */; };
		6EDBD99D1A18A39400675FD9 /* Main.storyboard in Resources */ = {isa = PBXBuildFile; fileRef = 6EDBD99B1A18A39400675FD9 /* Main.storyboard */; };
		6EDBD99F1A18A39400675FD9 /* Images.xcassets in Resources */ = {isa = PBXBuildFile; fileRef = 6EDBD99E1A18A39400675FD9 /* Images.xcassets */; };
		6EDBD9A21A18A39400675FD9 /* LaunchScreen.xib in Resources */ = {isa = PBXBuildFile; fileRef = 6EDBD9A01A18A39400675FD9 /* LaunchScreen.xib */; };
		6EDBD9AE1A18A39400675FD9 /* CuisineBookTests.swift in Sources */ = {isa = PBXBuildFile; fileRef = 6EDBD9AD1A18A39400675FD9 /* CuisineBookTests.swift */; };
		6EDBD9B91A18A46600675FD9 /* TableViewCell.swift in Sources */ = {isa = PBXBuildFile; fileRef = 6EDBD9B71A18A46600675FD9 /* TableViewCell.swift */; };
		6EDBD9BA1A18A46600675FD9 /* TableViewCell.xib in Resources */ = {isa = PBXBuildFile; fileRef = 6EDBD9B81A18A46600675FD9 /* TableViewCell.xib */; };
		6EDBD9C01A18A59D00675FD9 /* Food1.jpg in Resources */ = {isa = PBXBuildFile; fileRef = 6EDBD9BC1A18A59D00675FD9 /* Food1.jpg */; };
		6EDBD9C11A18A59D00675FD9 /* Food2.jpg in Resources */ = {isa = PBXBuildFile; fileRef = 6EDBD9BD1A18A59D00675FD9 /* Food2.jpg */; };
		6EDBD9C31A18A59D00675FD9 /* Food4.jpg in Resources */ = {isa = PBXBuildFile; fileRef = 6EDBD9BF1A18A59D00675FD9 /* Food4.jpg */; };
		6EDBD9CB1A18A71D00675FD9 /* Profile1.png in Resources */ = {isa = PBXBuildFile; fileRef = 6EDBD9CA1A18A71D00675FD9 /* Profile1.png */; };
		6EDBD9CF1A18A76100675FD9 /* Profile2.png in Resources */ = {isa = PBXBuildFile; fileRef = 6EDBD9CC1A18A76100675FD9 /* Profile2.png */; };
		6EDBD9D01A18A76100675FD9 /* Profile3.png in Resources */ = {isa = PBXBuildFile; fileRef = 6EDBD9CD1A18A76100675FD9 /* Profile3.png */; };
		6EDBD9D11A18A76100675FD9 /* Profile4.png in Resources */ = {isa = PBXBuildFile; fileRef = 6EDBD9CE1A18A76100675FD9 /* Profile4.png */; };
		6EDBD9D31A18AB5200675FD9 /* TableViewController.swift in Sources */ = {isa = PBXBuildFile; fileRef = 6EDBD9D21A18AB5200675FD9 /* TableViewController.swift */; };
/* End PBXBuildFile section */

/* Begin PBXContainerItemProxy section */
		6EDBD9A81A18A39400675FD9 /* PBXContainerItemProxy */ = {
			isa = PBXContainerItemProxy;
			containerPortal = 6EDBD98A1A18A39400675FD9 /* Project object */;
			proxyType = 1;
			remoteGlobalIDString = 6EDBD9911A18A39400675FD9;
			remoteInfo = CuisineBook;
		};
/* End PBXContainerItemProxy section */

/* Begin PBXFileReference section */
		6E2E66991A1C8296000A4796 /* ScrollViewVC.swift */ = {isa = PBXFileReference; fileEncoding = 4; lastKnownFileType = sourcecode.swift; path = ScrollViewVC.swift; sourceTree = "<group>"; };
		6E3093781A19E3CC00478DED /* Item.swift */ = {isa = PBXFileReference; fileEncoding = 4; lastKnownFileType = sourcecode.swift; path = Item.swift; sourceTree = "<group>"; };
		6E30937A1A19E63300478DED /* Food3.jpg */ = {isa = PBXFileReference; lastKnownFileType = image.jpeg; path = Food3.jpg; sourceTree = "<group>"; };
		6EDBD9921A18A39400675FD9 /* CuisineBook.app */ = {isa = PBXFileReference; explicitFileType = wrapper.application; includeInIndex = 0; path = CuisineBook.app; sourceTree = BUILT_PRODUCTS_DIR; };
		6EDBD9961A18A39400675FD9 /* Info.plist */ = {isa = PBXFileReference; lastKnownFileType = text.plist.xml; path = Info.plist; sourceTree = "<group>"; };
		6EDBD9971A18A39400675FD9 /* AppDelegate.swift */ = {isa = PBXFileReference; lastKnownFileType = sourcecode.swift; path = AppDelegate.swift; sourceTree = "<group>"; };
		6EDBD99C1A18A39400675FD9 /* Base */ = {isa = PBXFileReference; lastKnownFileType = file.storyboard; name = Base; path = Base.lproj/Main.storyboard; sourceTree = "<group>"; };
		6EDBD99E1A18A39400675FD9 /* Images.xcassets */ = {isa = PBXFileReference; lastKnownFileType = folder.assetcatalog; path = Images.xcassets; sourceTree = "<group>"; };
		6EDBD9A11A18A39400675FD9 /* Base */ = {isa = PBXFileReference; lastKnownFileType = file.xib; name = Base; path = Base.lproj/LaunchScreen.xib; sourceTree = "<group>"; };
		6EDBD9A71A18A39400675FD9 /* CuisineBookTests.xctest */ = {isa = PBXFileReference; explicitFileType = wrapper.cfbundle; includeInIndex = 0; path = CuisineBookTests.xctest; sourceTree = BUILT_PRODUCTS_DIR; };
		6EDBD9AC1A18A39400675FD9 /* Info.plist */ = {isa = PBXFileReference; lastKnownFileType = text.plist.xml; path = Info.plist; sourceTree = "<group>"; };
		6EDBD9AD1A18A39400675FD9 /* CuisineBookTests.swift */ = {isa = PBXFileReference; lastKnownFileType = sourcecode.swift; path = CuisineBookTests.swift; sourceTree = "<group>"; };
		6EDBD9B71A18A46600675FD9 /* TableViewCell.swift */ = {isa = PBXFileReference; fileEncoding = 4; lastKnownFileType = sourcecode.swift; path = TableViewCell.swift; sourceTree = "<group>"; };
		6EDBD9B81A18A46600675FD9 /* TableViewCell.xib */ = {isa = PBXFileReference; fileEncoding = 4; lastKnownFileType = file.xib; path = TableViewCell.xib; sourceTree = "<group>"; };
		6EDBD9BC1A18A59D00675FD9 /* Food1.jpg */ = {isa = PBXFileReference; lastKnownFileType = image.jpeg; path = Food1.jpg; sourceTree = "<group>"; };
		6EDBD9BD1A18A59D00675FD9 /* Food2.jpg */ = {isa = PBXFileReference; lastKnownFileType = image.jpeg; path = Food2.jpg; sourceTree = "<group>"; };
		6EDBD9BF1A18A59D00675FD9 /* Food4.jpg */ = {isa = PBXFileReference; lastKnownFileType = image.jpeg; path = Food4.jpg; sourceTree = "<group>"; };
		6EDBD9CA1A18A71D00675FD9 /* Profile1.png */ = {isa = PBXFileReference; lastKnownFileType = image.png; path = Profile1.png; sourceTree = "<group>"; };
		6EDBD9CC1A18A76100675FD9 /* Profile2.png */ = {isa = PBXFileReference; lastKnownFileType = image.png; path = Profile2.png; sourceTree = "<group>"; };
		6EDBD9CD1A18A76100675FD9 /* Profile3.png */ = {isa = PBXFileReference; lastKnownFileType = image.png; path = Profile3.png; sourceTree = "<group>"; };
		6EDBD9CE1A18A76100675FD9 /* Profile4.png */ = {isa = PBXFileReference; lastKnownFileType = image.png; path = Profile4.png; sourceTree = "<group>"; };
		6EDBD9D21A18AB5200675FD9 /* TableViewController.swift */ = {isa = PBXFileReference; fileEncoding = 4; lastKnownFileType = sourcecode.swift; path = TableViewController.swift; sourceTree = "<group>"; };
/* End PBXFileReference section */

/* Begin PBXFrameworksBuildPhase section */
		6EDBD98F1A18A39400675FD9 /* Frameworks */ = {
			isa = PBXFrameworksBuildPhase;
			buildActionMask = 2147483647;
			files = (
			);
			runOnlyForDeploymentPostprocessing = 0;
		};
		6EDBD9A41A18A39400675FD9 /* Frameworks */ = {
			isa = PBXFrameworksBuildPhase;
			buildActionMask = 2147483647;
			files = (
			);
			runOnlyForDeploymentPostprocessing = 0;
		};
/* End PBXFrameworksBuildPhase section */

/* Begin PBXGroup section */
		6EDBD9891A18A39400675FD9 = {
			isa = PBXGroup;
			children = (
				6EDBD9941A18A39400675FD9 /* CuisineBook */,
				6EDBD9AA1A18A39400675FD9 /* CuisineBookTests */,
				6EDBD9931A18A39400675FD9 /* Products */,
			);
			sourceTree = "<group>";
		};
		6EDBD9931A18A39400675FD9 /* Products */ = {
			isa = PBXGroup;
			children = (
				6EDBD9921A18A39400675FD9 /* CuisineBook.app */,
				6EDBD9A71A18A39400675FD9 /* CuisineBookTests.xctest */,
			);
			name = Products;
			sourceTree = "<group>";
		};
		6EDBD9941A18A39400675FD9 /* CuisineBook */ = {
			isa = PBXGroup;
			children = (
				6EDBD9BB1A18A57D00675FD9 /* Images */,
				6EDBD9971A18A39400675FD9 /* AppDelegate.swift */,
				6EDBD99B1A18A39400675FD9 /* Main.storyboard */,
				6EDBD9D21A18AB5200675FD9 /* TableViewController.swift */,
				6EDBD99E1A18A39400675FD9 /* Images.xcassets */,
				6EDBD9A01A18A39400675FD9 /* LaunchScreen.xib */,
				6EDBD9951A18A39400675FD9 /* Supporting Files */,
				6EDBD9B71A18A46600675FD9 /* TableViewCell.swift */,
				6EDBD9B81A18A46600675FD9 /* TableViewCell.xib */,
				6E3093781A19E3CC00478DED /* Item.swift */,
				6E2E66991A1C8296000A4796 /* ScrollViewVC.swift */,
			);
			path = CuisineBook;
			sourceTree = "<group>";
		};
		6EDBD9951A18A39400675FD9 /* Supporting Files */ = {
			isa = PBXGroup;
			children = (
				6EDBD9961A18A39400675FD9 /* Info.plist */,
			);
			name = "Supporting Files";
			sourceTree = "<group>";
		};
		6EDBD9AA1A18A39400675FD9 /* CuisineBookTests */ = {
			isa = PBXGroup;
			children = (
				6EDBD9AD1A18A39400675FD9 /* CuisineBookTests.swift */,
				6EDBD9AB1A18A39400675FD9 /* Supporting Files */,
			);
			path = CuisineBookTests;
			sourceTree = "<group>";
		};
		6EDBD9AB1A18A39400675FD9 /* Supporting Files */ = {
			isa = PBXGroup;
			children = (
				6EDBD9AC1A18A39400675FD9 /* Info.plist */,
			);
			name = "Supporting Files";
			sourceTree = "<group>";
		};
		6EDBD9BB1A18A57D00675FD9 /* Images */ = {
			isa = PBXGroup;
			children = (
				6EDBD9CC1A18A76100675FD9 /* Profile2.png */,
				6EDBD9CD1A18A76100675FD9 /* Profile3.png */,
				6EDBD9CE1A18A76100675FD9 /* Profile4.png */,
				6EDBD9CA1A18A71D00675FD9 /* Profile1.png */,
				6EDBD9BC1A18A59D00675FD9 /* Food1.jpg */,
				6EDBD9BD1A18A59D00675FD9 /* Food2.jpg */,
				6E30937A1A19E63300478DED /* Food3.jpg */,
				6EDBD9BF1A18A59D00675FD9 /* Food4.jpg */,
			);
			name = Images;
			sourceTree = "<group>";
		};
/* End PBXGroup section */

/* Begin PBXNativeTarget section */
		6EDBD9911A18A39400675FD9 /* CuisineBook */ = {
			isa = PBXNativeTarget;
			buildConfigurationList = 6EDBD9B11A18A39400675FD9 /* Build configuration list for PBXNativeTarget "CuisineBook" */;
			buildPhases = (
				6EDBD98E1A18A39400675FD9 /* Sources */,
				6EDBD98F1A18A39400675FD9 /* Frameworks */,
				6EDBD9901A18A39400675FD9 /* Resources */,
			);
			buildRules = (
			);
			dependencies = (
			);
			name = CuisineBook;
			productName = CuisineBook;
			productReference = 6EDBD9921A18A39400675FD9 /* CuisineBook.app */;
			productType = "com.apple.product-type.application";
		};
		6EDBD9A61A18A39400675FD9 /* CuisineBookTests */ = {
			isa = PBXNativeTarget;
			buildConfigurationList = 6EDBD9B41A18A39400675FD9 /* Build configuration list for PBXNativeTarget "CuisineBookTests" */;
			buildPhases = (
				6EDBD9A31A18A39400675FD9 /* Sources */,
				6EDBD9A41A18A39400675FD9 /* Frameworks */,
				6EDBD9A51A18A39400675FD9 /* Resources */,
			);
			buildRules = (
			);
			dependencies = (
				6EDBD9A91A18A39400675FD9 /* PBXTargetDependency */,
			);
			name = CuisineBookTests;
			productName = CuisineBookTests;
			productReference = 6EDBD9A71A18A39400675FD9 /* CuisineBookTests.xctest */;
			productType = "com.apple.product-type.bundle.unit-test";
		};
/* End PBXNativeTarget section */

/* Begin PBXProject section */
		6EDBD98A1A18A39400675FD9 /* Project object */ = {
			isa = PBXProject;
			attributes = {
				LastUpgradeCheck = 0610;
				ORGANIZATIONNAME = "Khiem Ngo Viet";
				TargetAttributes = {
					6EDBD9911A18A39400675FD9 = {
						CreatedOnToolsVersion = 6.1;
					};
					6EDBD9A61A18A39400675FD9 = {
						CreatedOnToolsVersion = 6.1;
						TestTargetID = 6EDBD9911A18A39400675FD9;
					};
				};
			};
			buildConfigurationList = 6EDBD98D1A18A39400675FD9 /* Build configuration list for PBXProject "CuisineBook" */;
			compatibilityVersion = "Xcode 3.2";
			developmentRegion = English;
			hasScannedForEncodings = 0;
			knownRegions = (
				en,
				Base,
			);
			mainGroup = 6EDBD9891A18A39400675FD9;
			productRefGroup = 6EDBD9931A18A39400675FD9 /* Products */;
			projectDirPath = "";
			projectRoot = "";
			targets = (
				6EDBD9911A18A39400675FD9 /* CuisineBook */,
				6EDBD9A61A18A39400675FD9 /* CuisineBookTests */,
			);
		};
/* End PBXProject section */

/* Begin PBXResourcesBuildPhase section */
		6EDBD9901A18A39400675FD9 /* Resources */ = {
			isa = PBXResourcesBuildPhase;
			buildActionMask = 2147483647;
			files = (
				6EDBD99D1A18A39400675FD9 /* Main.storyboard in Resources */,
				6EDBD9BA1A18A46600675FD9 /* TableViewCell.xib in Resources */,
				6EDBD9C01A18A59D00675FD9 /* Food1.jpg in Resources */,
				6EDBD9D01A18A76100675FD9 /* Profile3.png in Resources */,
				6EDBD9D11A18A76100675FD9 /* Profile4.png in Resources */,
				6E30937B1A19E63300478DED /* Food3.jpg in Resources */,
				6EDBD9A21A18A39400675FD9 /* LaunchScreen.xib in Resources */,
				6EDBD99F1A18A39400675FD9 /* Images.xcassets in Resources */,
				6EDBD9CF1A18A76100675FD9 /* Profile2.png in Resources */,
				6EDBD9C31A18A59D00675FD9 /* Food4.jpg in Resources */,
				6EDBD9C11A18A59D00675FD9 /* Food2.jpg in Resources */,
				6EDBD9CB1A18A71D00675FD9 /* Profile1.png in Resources */,
			);
			runOnlyForDeploymentPostprocessing = 0;
		};
		6EDBD9A51A18A39400675FD9 /* Resources */ = {
			isa = PBXResourcesBuildPhase;
			buildActionMask = 2147483647;
			files = (
			);
			runOnlyForDeploymentPostprocessing = 0;
		};
/* End PBXResourcesBuildPhase section */

/* Begin PBXSourcesBuildPhase section */
		6EDBD98E1A18A39400675FD9 /* Sources */ = {
			isa = PBXSourcesBuildPhase;
			buildActionMask = 2147483647;
			files = (
				6E3093791A19E3CC00478DED /* Item.swift in Sources */,
				6EDBD9B91A18A46600675FD9 /* TableViewCell.swift in Sources */,
				6EDBD9D31A18AB5200675FD9 /* TableViewController.swift in Sources */,
				6E2E669A1A1C8296000A4796 /* ScrollViewVC.swift in Sources */,
				6EDBD9981A18A39400675FD9 /* AppDelegate.swift in Sources */,
			);
			runOnlyForDeploymentPostprocessing = 0;
		};
		6EDBD9A31A18A39400675FD9 /* Sources */ = {
			isa = PBXSourcesBuildPhase;
			buildActionMask = 2147483647;
			files = (
				6EDBD9AE1A18A39400675FD9 /* CuisineBookTests.swift in Sources */,
			);
			runOnlyForDeploymentPostprocessing = 0;
		};
/* End PBXSourcesBuildPhase section */

/* Begin PBXTargetDependency section */
		6EDBD9A91A18A39400675FD9 /* PBXTargetDependency */ = {
			isa = PBXTargetDependency;
			target = 6EDBD9911A18A39400675FD9 /* CuisineBook */;
			targetProxy = 6EDBD9A81A18A39400675FD9 /* PBXContainerItemProxy */;
		};
/* End PBXTargetDependency section */

/* Begin PBXVariantGroup section */
		6EDBD99B1A18A39400675FD9 /* Main.storyboard */ = {
			isa = PBXVariantGroup;
			children = (
				6EDBD99C1A18A39400675FD9 /* Base */,
			);
			name = Main.storyboard;
			sourceTree = "<group>";
		};
		6EDBD9A01A18A39400675FD9 /* LaunchScreen.xib */ = {
			isa = PBXVariantGroup;
			children = (
				6EDBD9A11A18A39400675FD9 /* Base */,
			);
			name = LaunchScreen.xib;
			sourceTree = "<group>";
		};
/* End PBXVariantGroup section */

/* Begin XCBuildConfiguration section */
		6EDBD9AF1A18A39400675FD9 /* Debug */ = {
			isa = XCBuildConfiguration;
			buildSettings = {
				ALWAYS_SEARCH_USER_PATHS = NO;
				CLANG_CXX_LANGUAGE_STANDARD = "gnu++0x";
				CLANG_CXX_LIBRARY = "libc++";
				CLANG_ENABLE_MODULES = YES;
				CLANG_ENABLE_OBJC_ARC = YES;
				CLANG_WARN_BOOL_CONVERSION = YES;
				CLANG_WARN_CONSTANT_CONVERSION = YES;
				CLANG_WARN_DIRECT_OBJC_ISA_USAGE = YES_ERROR;
				CLANG_WARN_EMPTY_BODY = YES;
				CLANG_WARN_ENUM_CONVERSION = YES;
				CLANG_WARN_INT_CONVERSION = YES;
				CLANG_WARN_OBJC_ROOT_CLASS = YES_ERROR;
				CLANG_WARN_UNREACHABLE_CODE = YES;
				CLANG_WARN__DUPLICATE_METHOD_MATCH = YES;
				"CODE_SIGN_IDENTITY[sdk=iphoneos*]" = "iPhone Developer";
				COPY_PHASE_STRIP = NO;
				ENABLE_STRICT_OBJC_MSGSEND = YES;
				GCC_C_LANGUAGE_STANDARD = gnu99;
				GCC_DYNAMIC_NO_PIC = NO;
				GCC_OPTIMIZATION_LEVEL = 0;
				GCC_PREPROCESSOR_DEFINITIONS = (
					"DEBUG=1",
					"$(inherited)",
				);
				GCC_SYMBOLS_PRIVATE_EXTERN = NO;
				GCC_WARN_64_TO_32_BIT_CONVERSION = YES;
				GCC_WARN_ABOUT_RETURN_TYPE = YES_ERROR;
				GCC_WARN_UNDECLARED_SELECTOR = YES;
				GCC_WARN_UNINITIALIZED_AUTOS = YES_AGGRESSIVE;
				GCC_WARN_UNUSED_FUNCTION = YES;
				GCC_WARN_UNUSED_VARIABLE = YES;
				IPHONEOS_DEPLOYMENT_TARGET = 8.1;
				MTL_ENABLE_DEBUG_INFO = YES;
				ONLY_ACTIVE_ARCH = YES;
				SDKROOT = iphoneos;
				SWIFT_OPTIMIZATION_LEVEL = "-Onone";
				TARGETED_DEVICE_FAMILY = "1,2";
			};
			name = Debug;
		};
		6EDBD9B01A18A39400675FD9 /* Release */ = {
			isa = XCBuildConfiguration;
			buildSettings = {
				ALWAYS_SEARCH_USER_PATHS = NO;
				CLANG_CXX_LANGUAGE_STANDARD = "gnu++0x";
				CLANG_CXX_LIBRARY = "libc++";
				CLANG_ENABLE_MODULES = YES;
				CLANG_ENABLE_OBJC_ARC = YES;
				CLANG_WARN_BOOL_CONVERSION = YES;
				CLANG_WARN_CONSTANT_CONVERSION = YES;
				CLANG_WARN_DIRECT_OBJC_ISA_USAGE = YES_ERROR;
				CLANG_WARN_EMPTY_BODY = YES;
				CLANG_WARN_ENUM_CONVERSION = YES;
				CLANG_WARN_INT_CONVERSION = YES;
				CLANG_WARN_OBJC_ROOT_CLASS = YES_ERROR;
				CLANG_WARN_UNREACHABLE_CODE = YES;
				CLANG_WARN__DUPLICATE_METHOD_MATCH = YES;
				"CODE_SIGN_IDENTITY[sdk=iphoneos*]" = "iPhone Developer";
				COPY_PHASE_STRIP = YES;
				ENABLE_NS_ASSERTIONS = NO;
				ENABLE_STRICT_OBJC_MSGSEND = YES;
				GCC_C_LANGUAGE_STANDARD = gnu99;
				GCC_WARN_64_TO_32_BIT_CONVERSION = YES;
				GCC_WARN_ABOUT_RETURN_TYPE = YES_ERROR;
				GCC_WARN_UNDECLARED_SELECTOR = YES;
				GCC_WARN_UNINITIALIZED_AUTOS = YES_AGGRESSIVE;
				GCC_WARN_UNUSED_FUNCTION = YES;
				GCC_WARN_UNUSED_VARIABLE = YES;
				IPHONEOS_DEPLOYMENT_TARGET = 8.1;
				MTL_ENABLE_DEBUG_INFO = NO;
				SDKROOT = iphoneos;
				TARGETED_DEVICE_FAMILY = "1,2";
				VALIDATE_PRODUCT = YES;
			};
			name = Release;
		};
		6EDBD9B21A18A39400675FD9 /* Debug */ = {
			isa = XCBuildConfiguration;
			buildSettings = {
				ASSETCATALOG_COMPILER_APPICON_NAME = AppIcon;
				INFOPLIST_FILE = CuisineBook/Info.plist;
				LD_RUNPATH_SEARCH_PATHS = "$(inherited) @executable_path/Frameworks";
				PRODUCT_NAME = "$(TARGET_NAME)";
			};
			name = Debug;
		};
		6EDBD9B31A18A39400675FD9 /* Release */ = {
			isa = XCBuildConfiguration;
			buildSettings = {
				ASSETCATALOG_COMPILER_APPICON_NAME = AppIcon;
				INFOPLIST_FILE = CuisineBook/Info.plist;
				LD_RUNPATH_SEARCH_PATHS = "$(inherited) @executable_path/Frameworks";
				PRODUCT_NAME = "$(TARGET_NAME)";
			};
			name = Release;
		};
		6EDBD9B51A18A39400675FD9 /* Debug */ = {
			isa = XCBuildConfiguration;
			buildSettings = {
				BUNDLE_LOADER = "$(TEST_HOST)";
				FRAMEWORK_SEARCH_PATHS = (
					"$(SDKROOT)/Developer/Library/Frameworks",
					"$(inherited)",
				);
				GCC_PREPROCESSOR_DEFINITIONS = (
					"DEBUG=1",
					"$(inherited)",
				);
				INFOPLIST_FILE = CuisineBookTests/Info.plist;
				LD_RUNPATH_SEARCH_PATHS = "$(inherited) @executable_path/Frameworks @loader_path/Frameworks";
				PRODUCT_NAME = "$(TARGET_NAME)";
				TEST_HOST = "$(BUILT_PRODUCTS_DIR)/CuisineBook.app/CuisineBook";
			};
			name = Debug;
		};
		6EDBD9B61A18A39400675FD9 /* Release */ = {
			isa = XCBuildConfiguration;
			buildSettings = {
				BUNDLE_LOADER = "$(TEST_HOST)";
				FRAMEWORK_SEARCH_PATHS = (
					"$(SDKROOT)/Developer/Library/Frameworks",
					"$(inherited)",
				);
				INFOPLIST_FILE = CuisineBookTests/Info.plist;
				LD_RUNPATH_SEARCH_PATHS = "$(inherited) @executable_path/Frameworks @loader_path/Frameworks";
				PRODUCT_NAME = "$(TARGET_NAME)";
				TEST_HOST = "$(BUILT_PRODUCTS_DIR)/CuisineBook.app/CuisineBook";
			};
			name = Release;
		};
/* End XCBuildConfiguration section */

/* Begin XCConfigurationList section */
		6EDBD98D1A18A39400675FD9 /* Build configuration list for PBXProject "CuisineBook" */ = {
			isa = XCConfigurationList;
			buildConfigurations = (
				6EDBD9AF1A18A39400675FD9 /* Debug */,
				6EDBD9B01A18A39400675FD9 /* Release */,
			);
			defaultConfigurationIsVisible = 0;
			defaultConfigurationName = Release;
		};
		6EDBD9B11A18A39400675FD9 /* Build configuration list for PBXNativeTarget "CuisineBook" */ = {
			isa = XCConfigurationList;
			buildConfigurations = (
				6EDBD9B21A18A39400675FD9 /* Debug */,
				6EDBD9B31A18A39400675FD9 /* Release */,
			);
			defaultConfigurationIsVisible = 0;
			defaultConfigurationName = Release;
		};
		6EDBD9B41A18A39400675FD9 /* Build configuration list for PBXNativeTarget "CuisineBookTests" */ = {
			isa = XCConfigurationList;
			buildConfigurations = (
				6EDBD9B51A18A39400675FD9 /* Debug */,
				6EDBD9B61A18A39400675FD9 /* Release */,
			);
			defaultConfigurationIsVisible = 0;
			defaultConfigurationName = Release;
		};
/* End XCConfigurationList section */
	};
	rootObject = 6EDBD98A1A18A39400675FD9 /* Project object */;
}
